
Microsoft Visual Studio Solution File, Format Version 12.00
# Visual Studio 2015
Project("{FAE04EC0-301F-11D3-BF4B-00C04F79EFBC}") = "Cube practice (1) 1", "Cube practice (1) 1.csproj", "{6B39FC6D-54A3-AA3C-DFBD-0720CC7D84A1}"
EndProject
Project("{FAE04EC0-301F-11D3-BF4B-00C04F79EFBC}") = "Cube practice (1) 1.Editor", "Cube practice (1) 1.Editor.csproj", "{95BFEF6A-A7C9-27F1-5F15-1C0B1785D6D6}"
EndProject
Global
	GlobalSection(SolutionConfigurationPlatforms) = preSolution
		Debug|Any CPU = Debug|Any CPU
		Release|Any CPU = Release|Any CPU
	EndGlobalSection
	GlobalSection(ProjectConfigurationPlatforms) = postSolution
		{6B39FC6D-54A3-AA3C-DFBD-0720CC7D84A1}.Debug|Any CPU.ActiveCfg = Debug|Any CPU
		{6B39FC6D-54A3-AA3C-DFBD-0720CC7D84A1}.Debug|Any CPU.Build.0 = Debug|Any CPU
		{6B39FC6D-54A3-AA3C-DFBD-0720CC7D84A1}.Release|Any CPU.ActiveCfg = Release|Any CPU
		{6B39FC6D-54A3-AA3C-DFBD-0720CC7D84A1}.Release|Any CPU.Build.0 = Release|Any CPU
		{95BFEF6A-A7C9-27F1-5F15-1C0B1785D6D6}.Debug|Any CPU.ActiveCfg = Debug|Any CPU
		{95BFEF6A-A7C9-27F1-5F15-1C0B1785D6D6}.Debug|Any CPU.Build.0 = Debug|Any CPU
		{95BFEF6A-A7C9-27F1-5F15-1C0B1785D6D6}.Release|Any CPU.ActiveCfg = Release|Any CPU
		{95BFEF6A-A7C9-27F1-5F15-1C0B1785D6D6}.Release|Any CPU.Build.0 = Release|Any CPU
	EndGlobalSection
	GlobalSection(SolutionProperties) = preSolution
		HideSolutionNode = FALSE
	EndGlobalSection
EndGlobal
